
Microsoft Visual Studio Solution File, Format Version 12.00
# Visual Studio Version 17
VisualStudioVersion = 17.3.32825.248
MinimumVisualStudioVersion = 10.0.40219.1
Project("{8BC9CEB8-8B4A-11D0-8D11-00A0C91BC942}") = "Baekjoon_9655", "Baekjoon_9655\Baekjoon_9655.vcxproj", "{F346D342-4185-4BC0-8448-9AB5EABFEBD4}"
EndProject
Global
	GlobalSection(SolutionConfigurationPlatforms) = preSolution
		Debug|x64 = Debug|x64
		Debug|x86 = Debug|x86
		Release|x64 = Release|x64
		Release|x86 = Release|x86
	EndGlobalSection
	GlobalSection(ProjectConfigurationPlatforms) = postSolution
		{F346D342-4185-4BC0-8448-9AB5EABFEBD4}.Debug|x64.ActiveCfg = Debug|x64
		{F346D342-4185-4BC0-8448-9AB5EABFEBD4}.Debug|x64.Build.0 = Debug|x64
		{F346D342-4185-4BC0-8448-9AB5EABFEBD4}.Debug|x86.ActiveCfg = Debug|Win32
		{F346D342-4185-4BC0-8448-9AB5EABFEBD4}.Debug|x86.Build.0 = Debug|Win32
		{F346D342-4185-4BC0-8448-9AB5EABFEBD4}.Release|x64.ActiveCfg = Release|x64
		{F346D342-4185-4BC0-8448-9AB5EABFEBD4}.Release|x64.Build.0 = Release|x64
		{F346D342-4185-4BC0-8448-9AB5EABFEBD4}.Release|x86.ActiveCfg = Release|Win32
		{F346D342-4185-4BC0-8448-9AB5EABFEBD4}.Release|x86.Build.0 = Release|Win32
	EndGlobalSection
	GlobalSection(SolutionProperties) = preSolution
		HideSolutionNode = FALSE
	EndGlobalSection
	GlobalSection(ExtensibilityGlobals) = postSolution
		SolutionGuid = {DF87C144-C886-4AED-982D-CEB0CA3D8086}
	EndGlobalSection
EndGlobal
