
Microsoft Visual Studio Solution File, Format Version 12.00
# Visual Studio Version 17
VisualStudioVersion = 17.2.32516.85
MinimumVisualStudioVersion = 10.0.40219.1
Project("{8BC9CEB8-8B4A-11D0-8D11-00A0C91BC942}") = "Beakjoon_9095", "Beakjoon_9095\Beakjoon_9095.vcxproj", "{FBD3D8F9-75BD-4421-9BE5-276533B5CED0}"
EndProject
Global
	GlobalSection(SolutionConfigurationPlatforms) = preSolution
		Debug|x64 = Debug|x64
		Debug|x86 = Debug|x86
		Release|x64 = Release|x64
		Release|x86 = Release|x86
	EndGlobalSection
	GlobalSection(ProjectConfigurationPlatforms) = postSolution
		{FBD3D8F9-75BD-4421-9BE5-276533B5CED0}.Debug|x64.ActiveCfg = Debug|x64
		{FBD3D8F9-75BD-4421-9BE5-276533B5CED0}.Debug|x64.Build.0 = Debug|x64
		{FBD3D8F9-75BD-4421-9BE5-276533B5CED0}.Debug|x86.ActiveCfg = Debug|Win32
		{FBD3D8F9-75BD-4421-9BE5-276533B5CED0}.Debug|x86.Build.0 = Debug|Win32
		{FBD3D8F9-75BD-4421-9BE5-276533B5CED0}.Release|x64.ActiveCfg = Release|x64
		{FBD3D8F9-75BD-4421-9BE5-276533B5CED0}.Release|x64.Build.0 = Release|x64
		{FBD3D8F9-75BD-4421-9BE5-276533B5CED0}.Release|x86.ActiveCfg = Release|Win32
		{FBD3D8F9-75BD-4421-9BE5-276533B5CED0}.Release|x86.Build.0 = Release|Win32
	EndGlobalSection
	GlobalSection(SolutionProperties) = preSolution
		HideSolutionNode = FALSE
	EndGlobalSection
	GlobalSection(ExtensibilityGlobals) = postSolution
		SolutionGuid = {6C47FE51-50C6-45D0-9C7D-E67D7CDC26B6}
	EndGlobalSection
EndGlobal
